<?xml version="1.0" encoding="utf-8"?>
<Project ToolsVersion="4.0" xmlns="http://schemas.microsoft.com/developer/msbuild/2003">
  <ItemGroup>
    <Filter Include="Source Files">
      <UniqueIdentifier>{4FC737F1-C7A5-4376-A066-2A32D752A2FF}</UniqueIdentifier>
      <Extensions>cpp;c;cc;cxx;def;odl;idl;hpj;bat;asm;asmx</Extensions>
    </Filter>
    <Filter Include="Header Files">
      <UniqueIdentifier>{93995380-89BD-4b04-88EB-625FBE52EBFB}</UniqueIdentifier>
      <Extensions>h;hh;hpp;hxx;hm;inl;inc;xsd</Extensions>
    </Filter>
    <Filter Include="Resource Files">
      <UniqueIdentifier>{67DA6AB6-F800-4c08-8B7A-83BB121AAD01}</UniqueIdentifier>
      <Extensions>rc;ico;cur;bmp;dlg;rc2;rct;bin;rgs;gif;jpg;jpeg;jpe;resx;tiff;tif;png;wav;mfcribbon-ms</Extensions>
    </Filter>
  </ItemGroup>
  <ItemGroup>
    <ClCompile Include="test.cpp">
      <Filter>Source Files</Filter>
    </ClCompile>
    <ClCompile Include="LearnModels.cpp">
      <Filter>Source Files</Filter>
    </ClCompile>
    <ClCompile Include="PedroFeatures.cpp">
      <Filter>Source Files</Filter>
    </ClCompile>
    <ClCompile Include="CharInstance.cpp">
      <Filter>Source Files</Filter>
    </ClCompile>
    <ClCompile Include="Doc.cpp">
      <Filter>Source Files</Filter>
    </ClCompile>
    <ClCompile Include="..\liblinear-2.01\linear.cpp">
      <Filter>Source Files</Filter>
    </ClCompile>
    <ClCompile Include="..\liblinear-2.01\tron.cpp">
      <Filter>Source Files</Filter>
    </ClCompile>
    <ClCompile Include="..\liblinear-2.01\blas\daxpy.c">
      <Filter>Source Files</Filter>
    </ClCompile>
    <ClCompile Include="..\liblinear-2.01\blas\ddot.c">
      <Filter>Source Files</Filter>
    </ClCompile>
    <ClCompile Include="..\liblinear-2.01\blas\dnrm2.c">
      <Filter>Source Files</Filter>
    </ClCompile>
    <ClCompile Include="..\liblinear-2.01\blas\dscal.c">
      <Filter>Source Files</Filter>
    </ClCompile>
    <ClCompile Include="LibLinearWrapper.cpp">
      <Filter>Source Files</Filter>
    </ClCompile>
    <ClCompile Include="LMParams.cpp">
      <Filter>Source Files</Filter>
    </ClCompile>
  </ItemGroup>
  <ItemGroup>
    <ClInclude Include="LearnModels.h">
      <Filter>Header Files</Filter>
    </ClInclude>
    <ClInclude Include="PedroFeatures.h">
      <Filter>Header Files</Filter>
    </ClInclude>
    <ClInclude Include="LMParams.h">
      <Filter>Header Files</Filter>
    </ClInclude>
    <ClInclude Include="commonTypes.h">
      <Filter>Header Files</Filter>
    </ClInclude>
    <ClInclude Include="CharInstance.h">
      <Filter>Header Files</Filter>
    </ClInclude>
    <ClInclude Include="Doc.h">
      <Filter>Header Files</Filter>
    </ClInclude>
    <ClInclude Include="HogSvmModel.h">
      <Filter>Header Files</Filter>
    </ClInclude>
    <ClInclude Include="..\liblinear-2.01\linear.h">
      <Filter>Header Files</Filter>
    </ClInclude>
    <ClInclude Include="..\liblinear-2.01\tron.h">
      <Filter>Header Files</Filter>
    </ClInclude>
    <ClInclude Include="..\liblinear-2.01\blas\blas.h">
      <Filter>Header Files</Filter>
    </ClInclude>
    <ClInclude Include="..\liblinear-2.01\blas\blasp.h">
      <Filter>Header Files</Filter>
    </ClInclude>
    <ClInclude Include="LibLinearWrapper.h">
      <Filter>Header Files</Filter>
    </ClInclude>
  </ItemGroup>
</Project>